schema: '2.0'
stages:
  train-model:
    cmd: python src/train.py
    deps:
    - path: data/raw/train.csv
      hash: md5
      md5: cc156c7d7b2535c014529cd29b2d1db1
      size: 247
    - path: src/train.py
      hash: md5
      md5: 575efc5bf18089e313b5353d874d7c5e
      size: 1909
    outs:
    - path: models/model.pkl
      hash: md5
      md5: 75477a91fec9431f04e730c10b4d5fce
      size: 1231
    - path: models/vectorizer.pkl
      hash: md5
      md5: d30195f3fcc1039cdd82572ae792ac07
      size: 708
  evaluate-model:
    cmd: python src/evaluate.py
    deps:
    - path: models/model.pkl
      hash: md5
      md5: 75477a91fec9431f04e730c10b4d5fce
      size: 1231
    - path: models/vectorizer.pkl
      hash: md5
      md5: d30195f3fcc1039cdd82572ae792ac07
      size: 708
    - path: src/evaluate.py
      hash: md5
      md5: 6607059eee03eef521b4e3df383a59e9
      size: 1513
    outs:
    - path: metrics/evaluation.txt
      hash: md5
      md5: 4163758c09c5762a5e49ba1bb8c10abb
      size: 71
  test-model:
    cmd: python src/test.py
    deps:
    - path: data/raw/test.csv
      hash: md5
      md5: 862042a0b6bde5311578c59b9413fd5d
      size: 92
    - path: models/model.pkl
      hash: md5
      md5: 75477a91fec9431f04e730c10b4d5fce
      size: 1231
    - path: src/test.py
      hash: md5
      md5: 63f511e004ab2c3c7cd4f779e4689bef
      size: 1768
    outs:
    - path: metrics/test_metrics.json
      hash: md5
      md5: f5d27ee348c995b8e2230e6d5576e7cd
      size: 83
  report:
    cmd: python src/report.py
    deps:
    - path: src/report.py
      hash: md5
      md5: 072996255599f68a27cd10b884fdfeb8
      size: 993
    - path: test-results/predictions.csv
      hash: md5
      md5: 04875c9377656a3c924109735ef07a41
      size: 130
    outs:
    - path: reports/classification_report.csv
      hash: md5
      md5: 321bf8a68a0966ff36fbbabf2a02609a
      size: 196
    - path: reports/confusion_matrix.png
      hash: md5
      md5: d0d9b91f63850d00aa36d92a64505f3d
      size: 19673
  predict-model:
    cmd: python src/predict.py
    deps:
    - path: data/raw/test.csv
      hash: md5
      md5: 862042a0b6bde5311578c59b9413fd5d
      size: 92
    - path: models/model.pkl
      hash: md5
      md5: 75477a91fec9431f04e730c10b4d5fce
      size: 1231
    - path: models/vectorizer.pkl
      hash: md5
      md5: d30195f3fcc1039cdd82572ae792ac07
      size: 708
    - path: src/predict.py
      hash: md5
      md5: 7c304a2414e17da800b09c4935e21b1b
      size: 760
    outs:
    - path: test-results/predictions.csv
      hash: md5
      md5: 04875c9377656a3c924109735ef07a41
      size: 130
